
Microsoft Visual Studio Solution File, Format Version 12.00
# Visual Studio Version 16
VisualStudioVersion = 16.0.29613.14
MinimumVisualStudioVersion = 10.0.40219.1
Project("{FAE04EC0-301F-11D3-BF4B-00C04F79EFBC}") = "AutoDownloadSubtitle", "AutoDownloadSubtitle\AutoDownloadSubtitle.csproj", "{0976350A-C033-4EAE-B4CB-FEC596EB8EB0}"
EndProject
Global
	GlobalSection(SolutionConfigurationPlatforms) = preSolution
		Debug|Any CPU = Debug|Any CPU
		Release|Any CPU = Release|Any CPU
	EndGlobalSection
	GlobalSection(ProjectConfigurationPlatforms) = postSolution
		{0976350A-C033-4EAE-B4CB-FEC596EB8EB0}.Debug|Any CPU.ActiveCfg = Debug|Any CPU
		{0976350A-C033-4EAE-B4CB-FEC596EB8EB0}.Debug|Any CPU.Build.0 = Debug|Any CPU
		{0976350A-C033-4EAE-B4CB-FEC596EB8EB0}.Release|Any CPU.ActiveCfg = Release|Any CPU
		{0976350A-C033-4EAE-B4CB-FEC596EB8EB0}.Release|Any CPU.Build.0 = Release|Any CPU
	EndGlobalSection
	GlobalSection(SolutionProperties) = preSolution
		HideSolutionNode = FALSE
	EndGlobalSection
	GlobalSection(ExtensibilityGlobals) = postSolution
		SolutionGuid = {F3E37575-1DE6-4609-8BE7-0E3987EA043F}
	EndGlobalSection
EndGlobal
